Microsoft Visual Studio Solution File, Format Version 12.00
# Visual Studio Version 17
VisualStudioVersion = 17.5.2.0
MinimumVisualStudioVersion = 10.0.40219.1
Project("{FAE04EC0-301F-11D3-BF4B-00C04F79EFBC}") = "Practico Experimental #2", "Practico Experimental #2\Practico Experimental #2.csproj", "{DB31B02B-5830-D5A1-C7A4-8DEE81390793}"
EndProject
Project("{FAE04EC0-301F-11D3-BF4B-00C04F79EFBC}") = "Practico Experimental #3", "Practico Experimental #3\Practico Experimental #3.csproj", "{D164027E-10AF-3D98-0E2C-D0B8D30FEE0F}"
EndProject
Project("{FAE04EC0-301F-11D3-BF4B-00C04F79EFBC}") = "Practico Experimental #4", "Practico Experimental #4\Practico Experimental #4.csproj", "{5A01DC5A-5B4D-26D9-F498-19B0D250B20A}"
EndProject
Project("{FAE04EC0-301F-11D3-BF4B-00C04F79EFBC}") = "Semana10", "Semana10\Semana10.csproj", "{BA57F956-0B96-91FA-4AEB-5045D8078265}"
EndProject
Project("{FAE04EC0-301F-11D3-BF4B-00C04F79EFBC}") = "Semana11", "Semana11\Semana11.csproj", "{B93FF86B-3FCE-4AF8-1CB8-EFEFF1C0F3E9}"
EndProject
Project("{FAE04EC0-301F-11D3-BF4B-00C04F79EFBC}") = "Semana13", "Semana13\Semana13.csproj", "{9996465A-9857-05C7-2085-520B72F85051}"
EndProject
Project("{FAE04EC0-301F-11D3-BF4B-00C04F79EFBC}") = "Semana2", "Semana2\Semana2.csproj", "{BC981F2C-69CC-CC1F-5925-39F316468026}"
EndProject
Project("{FAE04EC0-301F-11D3-BF4B-00C04F79EFBC}") = "Semana3", "Semana3\Semana3.csproj", "{1DC845DC-B2CC-3928-5ED7-54965BC09AB1}"
EndProject
Project("{2150E333-8FDC-42A3-9474-1A3956D46DE8}") = "Practico Experimental #1", "Practico Experimental #1", "{BF534A05-FC80-A3E6-5DDA-E9C2E9628AFE}"
EndProject
Project("{2150E333-8FDC-42A3-9474-1A3956D46DE8}") = "Semana5", "Semana5", "{17C1AC02-53F6-FE37-6069-914689DC9DF6}"
EndProject
Project("{2150E333-8FDC-42A3-9474-1A3956D46DE8}") = "Semana6", "Semana6", "{6D6D824A-973A-020F-CB5A-FEA82890E265}"
EndProject
Project("{2150E333-8FDC-42A3-9474-1A3956D46DE8}") = "Semana7", "Semana7", "{864654F5-399B-11C0-F87F-52A5CD031E57}"
EndProject
Project("{FAE04EC0-301F-11D3-BF4B-00C04F79EFBC}") = "PacticoExperimental1", "Practico Experimental #1\PacticoExperimental1\PacticoExperimental1.csproj", "{BD4C465D-D35C-A0A9-2A62-1B437C1563BB}"
EndProject
Project("{FAE04EC0-301F-11D3-BF4B-00C04F79EFBC}") = "Ejercicio1", "Semana5\Ejercicio1\Ejercicio1.csproj", "{48FAB9B8-2FE4-919D-CF95-379DE53EE5C2}"
EndProject
Project("{FAE04EC0-301F-11D3-BF4B-00C04F79EFBC}") = "Ejercicio2", "Semana5\Ejercicio2\Ejercicio2.csproj", "{97DA200C-5B0A-0C2A-AE6A-2181763D5D20}"
EndProject
Project("{FAE04EC0-301F-11D3-BF4B-00C04F79EFBC}") = "Ejercicio3", "Semana5\Ejercicio3\Ejercicio3.csproj", "{2E1F54EB-5751-8A4F-BD20-FD799B46A7D8}"
EndProject
Project("{FAE04EC0-301F-11D3-BF4B-00C04F79EFBC}") = "Ejercicio4", "Semana5\Ejercicio4\Ejercicio4.csproj", "{E26B4033-59AB-40A9-EBEE-05F695F49E1F}"
EndProject
Project("{FAE04EC0-301F-11D3-BF4B-00C04F79EFBC}") = "Ejercicio5", "Semana5\Ejercicio5\Ejercicio5.csproj", "{947955A0-ACE8-4CED-5A0C-74AA8A545AB0}"
EndProject
Project("{FAE04EC0-301F-11D3-BF4B-00C04F79EFBC}") = "Ejercicio#1", "Semana6\Ejercicio#1\Ejercicio#1.csproj", "{38A09D13-C5E8-D5D4-CACB-66AF52C71594}"
EndProject
Project("{FAE04EC0-301F-11D3-BF4B-00C04F79EFBC}") = "Ejercicio#2", "Semana6\Ejercicio#2\Ejercicio#2.csproj", "{5DB0AE2B-B648-CBD5-DC8F-398B9E9C443B}"
EndProject
Project("{FAE04EC0-301F-11D3-BF4B-00C04F79EFBC}") = "Ejercicio1", "Semana7\Ejercicio1\Ejercicio1.csproj", "{E9516EDB-6DF5-A77E-B0BE-9CAE6941E596}"
EndProject
Project("{FAE04EC0-301F-11D3-BF4B-00C04F79EFBC}") = "Ejercicio2", "Semana7\Ejercicio2\Ejercicio2.csproj", "{A53D3E6F-7D02-C55D-6321-BB56DC788838}"
EndProject
Global
	GlobalSection(SolutionConfigurationPlatforms) = preSolution
		Debug|Any CPU = Debug|Any CPU
		Release|Any CPU = Release|Any CPU
	EndGlobalSection
	GlobalSection(ProjectConfigurationPlatforms) = postSolution
		{DB31B02B-5830-D5A1-C7A4-8DEE81390793}.Debug|Any CPU.ActiveCfg = Debug|Any CPU
		{DB31B02B-5830-D5A1-C7A4-8DEE81390793}.Debug|Any CPU.Build.0 = Debug|Any CPU
		{DB31B02B-5830-D5A1-C7A4-8DEE81390793}.Release|Any CPU.ActiveCfg = Release|Any CPU
		{DB31B02B-5830-D5A1-C7A4-8DEE81390793}.Release|Any CPU.Build.0 = Release|Any CPU
		{D164027E-10AF-3D98-0E2C-D0B8D30FEE0F}.Debug|Any CPU.ActiveCfg = Debug|Any CPU
		{D164027E-10AF-3D98-0E2C-D0B8D30FEE0F}.Debug|Any CPU.Build.0 = Debug|Any CPU
		{D164027E-10AF-3D98-0E2C-D0B8D30FEE0F}.Release|Any CPU.ActiveCfg = Release|Any CPU
		{D164027E-10AF-3D98-0E2C-D0B8D30FEE0F}.Release|Any CPU.Build.0 = Release|Any CPU
		{5A01DC5A-5B4D-26D9-F498-19B0D250B20A}.Debug|Any CPU.ActiveCfg = Debug|Any CPU
		{5A01DC5A-5B4D-26D9-F498-19B0D250B20A}.Debug|Any CPU.Build.0 = Debug|Any CPU
		{5A01DC5A-5B4D-26D9-F498-19B0D250B20A}.Release|Any CPU.ActiveCfg = Release|Any CPU
		{5A01DC5A-5B4D-26D9-F498-19B0D250B20A}.Release|Any CPU.Build.0 = Release|Any CPU
		{BA57F956-0B96-91FA-4AEB-5045D8078265}.Debug|Any CPU.ActiveCfg = Debug|Any CPU
		{BA57F956-0B96-91FA-4AEB-5045D8078265}.Debug|Any CPU.Build.0 = Debug|Any CPU
		{BA57F956-0B96-91FA-4AEB-5045D8078265}.Release|Any CPU.ActiveCfg = Release|Any CPU
		{BA57F956-0B96-91FA-4AEB-5045D8078265}.Release|Any CPU.Build.0 = Release|Any CPU
		{B93FF86B-3FCE-4AF8-1CB8-EFEFF1C0F3E9}.Debug|Any CPU.ActiveCfg = Debug|Any CPU
		{B93FF86B-3FCE-4AF8-1CB8-EFEFF1C0F3E9}.Debug|Any CPU.Build.0 = Debug|Any CPU
		{B93FF86B-3FCE-4AF8-1CB8-EFEFF1C0F3E9}.Release|Any CPU.ActiveCfg = Release|Any CPU
		{B93FF86B-3FCE-4AF8-1CB8-EFEFF1C0F3E9}.Release|Any CPU.Build.0 = Release|Any CPU
		{9996465A-9857-05C7-2085-520B72F85051}.Debug|Any CPU.ActiveCfg = Debug|Any CPU
		{9996465A-9857-05C7-2085-520B72F85051}.Debug|Any CPU.Build.0 = Debug|Any CPU
		{9996465A-9857-05C7-2085-520B72F85051}.Release|Any CPU.ActiveCfg = Release|Any CPU
		{9996465A-9857-05C7-2085-520B72F85051}.Release|Any CPU.Build.0 = Release|Any CPU
		{BC981F2C-69CC-CC1F-5925-39F316468026}.Debug|Any CPU.ActiveCfg = Debug|Any CPU
		{BC981F2C-69CC-CC1F-5925-39F316468026}.Debug|Any CPU.Build.0 = Debug|Any CPU
		{BC981F2C-69CC-CC1F-5925-39F316468026}.Release|Any CPU.ActiveCfg = Release|Any CPU
		{BC981F2C-69CC-CC1F-5925-39F316468026}.Release|Any CPU.Build.0 = Release|Any CPU
		{1DC845DC-B2CC-3928-5ED7-54965BC09AB1}.Debug|Any CPU.ActiveCfg = Debug|Any CPU
		{1DC845DC-B2CC-3928-5ED7-54965BC09AB1}.Debug|Any CPU.Build.0 = Debug|Any CPU
		{1DC845DC-B2CC-3928-5ED7-54965BC09AB1}.Release|Any CPU.ActiveCfg = Release|Any CPU
		{1DC845DC-B2CC-3928-5ED7-54965BC09AB1}.Release|Any CPU.Build.0 = Release|Any CPU
		{BD4C465D-D35C-A0A9-2A62-1B437C1563BB}.Debug|Any CPU.ActiveCfg = Debug|Any CPU
		{BD4C465D-D35C-A0A9-2A62-1B437C1563BB}.Debug|Any CPU.Build.0 = Debug|Any CPU
		{BD4C465D-D35C-A0A9-2A62-1B437C1563BB}.Release|Any CPU.ActiveCfg = Release|Any CPU
		{BD4C465D-D35C-A0A9-2A62-1B437C1563BB}.Release|Any CPU.Build.0 = Release|Any CPU
		{48FAB9B8-2FE4-919D-CF95-379DE53EE5C2}.Debug|Any CPU.ActiveCfg = Debug|Any CPU
		{48FAB9B8-2FE4-919D-CF95-379DE53EE5C2}.Debug|Any CPU.Build.0 = Debug|Any CPU
		{48FAB9B8-2FE4-919D-CF95-379DE53EE5C2}.Release|Any CPU.ActiveCfg = Release|Any CPU
		{48FAB9B8-2FE4-919D-CF95-379DE53EE5C2}.Release|Any CPU.Build.0 = Release|Any CPU
		{97DA200C-5B0A-0C2A-AE6A-2181763D5D20}.Debug|Any CPU.ActiveCfg = Debug|Any CPU
		{97DA200C-5B0A-0C2A-AE6A-2181763D5D20}.Debug|Any CPU.Build.0 = Debug|Any CPU
		{97DA200C-5B0A-0C2A-AE6A-2181763D5D20}.Release|Any CPU.ActiveCfg = Release|Any CPU
		{97DA200C-5B0A-0C2A-AE6A-2181763D5D20}.Release|Any CPU.Build.0 = Release|Any CPU
		{2E1F54EB-5751-8A4F-BD20-FD799B46A7D8}.Debug|Any CPU.ActiveCfg = Debug|Any CPU
		{2E1F54EB-5751-8A4F-BD20-FD799B46A7D8}.Debug|Any CPU.Build.0 = Debug|Any CPU
		{2E1F54EB-5751-8A4F-BD20-FD799B46A7D8}.Release|Any CPU.ActiveCfg = Release|Any CPU
		{2E1F54EB-5751-8A4F-BD20-FD799B46A7D8}.Release|Any CPU.Build.0 = Release|Any CPU
		{E26B4033-59AB-40A9-EBEE-05F695F49E1F}.Debug|Any CPU.ActiveCfg = Debug|Any CPU
		{E26B4033-59AB-40A9-EBEE-05F695F49E1F}.Debug|Any CPU.Build.0 = Debug|Any CPU
		{E26B4033-59AB-40A9-EBEE-05F695F49E1F}.Release|Any CPU.ActiveCfg = Release|Any CPU
		{E26B4033-59AB-40A9-EBEE-05F695F49E1F}.Release|Any CPU.Build.0 = Release|Any CPU
		{947955A0-ACE8-4CED-5A0C-74AA8A545AB0}.Debug|Any CPU.ActiveCfg = Debug|Any CPU
		{947955A0-ACE8-4CED-5A0C-74AA8A545AB0}.Debug|Any CPU.Build.0 = Debug|Any CPU
		{947955A0-ACE8-4CED-5A0C-74AA8A545AB0}.Release|Any CPU.ActiveCfg = Release|Any CPU
		{947955A0-ACE8-4CED-5A0C-74AA8A545AB0}.Release|Any CPU.Build.0 = Release|Any CPU
		{38A09D13-C5E8-D5D4-CACB-66AF52C71594}.Debug|Any CPU.ActiveCfg = Debug|Any CPU
		{38A09D13-C5E8-D5D4-CACB-66AF52C71594}.Debug|Any CPU.Build.0 = Debug|Any CPU
		{38A09D13-C5E8-D5D4-CACB-66AF52C71594}.Release|Any CPU.ActiveCfg = Release|Any CPU
		{38A09D13-C5E8-D5D4-CACB-66AF52C71594}.Release|Any CPU.Build.0 = Release|Any CPU
		{5DB0AE2B-B648-CBD5-DC8F-398B9E9C443B}.Debug|Any CPU.ActiveCfg = Debug|Any CPU
		{5DB0AE2B-B648-CBD5-DC8F-398B9E9C443B}.Debug|Any CPU.Build.0 = Debug|Any CPU
		{5DB0AE2B-B648-CBD5-DC8F-398B9E9C443B}.Release|Any CPU.ActiveCfg = Release|Any CPU
		{5DB0AE2B-B648-CBD5-DC8F-398B9E9C443B}.Release|Any CPU.Build.0 = Release|Any CPU
		{E9516EDB-6DF5-A77E-B0BE-9CAE6941E596}.Debug|Any CPU.ActiveCfg = Debug|Any CPU
		{E9516EDB-6DF5-A77E-B0BE-9CAE6941E596}.Debug|Any CPU.Build.0 = Debug|Any CPU
		{E9516EDB-6DF5-A77E-B0BE-9CAE6941E596}.Release|Any CPU.ActiveCfg = Release|Any CPU
		{E9516EDB-6DF5-A77E-B0BE-9CAE6941E596}.Release|Any CPU.Build.0 = Release|Any CPU
		{A53D3E6F-7D02-C55D-6321-BB56DC788838}.Debug|Any CPU.ActiveCfg = Debug|Any CPU
		{A53D3E6F-7D02-C55D-6321-BB56DC788838}.Debug|Any CPU.Build.0 = Debug|Any CPU
		{A53D3E6F-7D02-C55D-6321-BB56DC788838}.Release|Any CPU.ActiveCfg = Release|Any CPU
		{A53D3E6F-7D02-C55D-6321-BB56DC788838}.Release|Any CPU.Build.0 = Release|Any CPU
	EndGlobalSection
	GlobalSection(SolutionProperties) = preSolution
		HideSolutionNode = FALSE
	EndGlobalSection
	GlobalSection(NestedProjects) = preSolution
		{BD4C465D-D35C-A0A9-2A62-1B437C1563BB} = {BF534A05-FC80-A3E6-5DDA-E9C2E9628AFE}
		{48FAB9B8-2FE4-919D-CF95-379DE53EE5C2} = {17C1AC02-53F6-FE37-6069-914689DC9DF6}
		{97DA200C-5B0A-0C2A-AE6A-2181763D5D20} = {17C1AC02-53F6-FE37-6069-914689DC9DF6}
		{2E1F54EB-5751-8A4F-BD20-FD799B46A7D8} = {17C1AC02-53F6-FE37-6069-914689DC9DF6}
		{E26B4033-59AB-40A9-EBEE-05F695F49E1F} = {17C1AC02-53F6-FE37-6069-914689DC9DF6}
		{947955A0-ACE8-4CED-5A0C-74AA8A545AB0} = {17C1AC02-53F6-FE37-6069-914689DC9DF6}
		{38A09D13-C5E8-D5D4-CACB-66AF52C71594} = {6D6D824A-973A-020F-CB5A-FEA82890E265}
		{5DB0AE2B-B648-CBD5-DC8F-398B9E9C443B} = {6D6D824A-973A-020F-CB5A-FEA82890E265}
		{E9516EDB-6DF5-A77E-B0BE-9CAE6941E596} = {864654F5-399B-11C0-F87F-52A5CD031E57}
		{A53D3E6F-7D02-C55D-6321-BB56DC788838} = {864654F5-399B-11C0-F87F-52A5CD031E57}
	EndGlobalSection
	GlobalSection(ExtensibilityGlobals) = postSolution
		SolutionGuid = {11594BF7-B6B3-44AB-8F92-E78B2F72A1F0}
	EndGlobalSection
EndGlobal
